
Microsoft Visual Studio Solution File, Format Version 12.00
# Visual Studio Version 17
VisualStudioVersion = 17.4.33213.308
MinimumVisualStudioVersion = 10.0.40219.1
Project("{9A19103F-16F7-4668-BE54-9A1E7A4F7556}") = "ContainsDuplicate_217", "ContainsDuplicate_217\ContainsDuplicate_217.csproj", "{01E3B30B-1342-4BC6-B697-6E6C0913D9F5}"
EndProject
Project("{9A19103F-16F7-4668-BE54-9A1E7A4F7556}") = "MaximumSubarray_53", "MaximumSubarray_53\MaximumSubarray_53.csproj", "{A7E9926C-C4FD-420B-B396-68646F934366}"
EndProject
Project("{9A19103F-16F7-4668-BE54-9A1E7A4F7556}") = "TwoSum_1", "TwoSum_1\TwoSum_1.csproj", "{70115168-78FA-43DA-86B4-416C1DB8FA1B}"
EndProject
Project("{9A19103F-16F7-4668-BE54-9A1E7A4F7556}") = "MergeSortedArray_88", "MergeSortedArray_88\MergeSortedArray_88.csproj", "{5087682D-4091-4C80-AA77-00C10CDE198E}"
EndProject
Project("{9A19103F-16F7-4668-BE54-9A1E7A4F7556}") = "IntersectionOfTwoArraysII_350", "IntersectionOfTwoArraysII_350\IntersectionOfTwoArraysII_350.csproj", "{BAF5F6BE-00FD-45FF-B3B2-24CB5F2999FA}"
EndProject
Project("{9A19103F-16F7-4668-BE54-9A1E7A4F7556}") = "BestTimeToBuyAndSellStock_121", "BestTimeToBuyAndSellStock_121\BestTimeToBuyAndSellStock_121.csproj", "{C5D35840-12AF-4B0A-AD61-4D81A33DB9FB}"
EndProject
Project("{9A19103F-16F7-4668-BE54-9A1E7A4F7556}") = "ReshapeTheMatrix_566", "ReshapeTheMatrix_566\ReshapeTheMatrix_566.csproj", "{85A7E0EC-261A-45C3-9977-CABDC5ABDCF6}"
EndProject
Project("{9A19103F-16F7-4668-BE54-9A1E7A4F7556}") = "PascalsTriangle_118", "PascalsTriangle_118\PascalsTriangle_118.csproj", "{86056BBA-516A-4349-8EA8-A274A9FA754D}"
EndProject
Project("{9A19103F-16F7-4668-BE54-9A1E7A4F7556}") = "SearchA2DMatrix_74", "SearchA2DMatrix_74\SearchA2DMatrix_74.csproj", "{33E487BB-C7BC-4C80-8DF2-7ED2BD291F65}"
EndProject
Project("{9A19103F-16F7-4668-BE54-9A1E7A4F7556}") = "FirstUniqueCharacterInString_387", "FirstUniqueCharacterInString_387\FirstUniqueCharacterInString_387.csproj", "{0F3C42B4-9D77-4043-A41B-28F26355AA1E}"
EndProject
Project("{9A19103F-16F7-4668-BE54-9A1E7A4F7556}") = "RansomNote_383", "RansomNote_383\RansomNote_383.csproj", "{578E1FEA-95AC-4F31-ACD8-5B2F8A110A53}"
EndProject
Project("{9A19103F-16F7-4668-BE54-9A1E7A4F7556}") = "ValidAnagram_242", "ValidAnagram_242\ValidAnagram_242.csproj", "{0D14D2C5-16A7-4036-8A9F-DB9170AB9E04}"
EndProject
Project("{9A19103F-16F7-4668-BE54-9A1E7A4F7556}") = "LinkedListCycle_141", "LinkedListCycle_141\LinkedListCycle_141.csproj", "{B1266D6E-FE42-42FE-A647-CC8EEFE49F72}"
EndProject
Project("{9A19103F-16F7-4668-BE54-9A1E7A4F7556}") = "ValidParentheses_20", "ValidParentheses_20\ValidParentheses_20.csproj", "{EAEEE749-55D4-464B-A2B6-1C94303EC302}"
EndProject
Project("{FAE04EC0-301F-11D3-BF4B-00C04F79EFBC}") = "BinaryTreePreorderTraversal_144", "BinaryTreePreorderTraversal_144\BinaryTreePreorderTraversal_144.csproj", "{F8F7E78C-E986-4EB9-B27B-CE4CFEA7EEE1}"
EndProject
Project("{FAE04EC0-301F-11D3-BF4B-00C04F79EFBC}") = "RemoveDuplicatesFromSortedList_83", "RemoveDuplicatesFromSortedList_83\RemoveDuplicatesFromSortedList_83.csproj", "{4B6C10E9-B861-4E82-87B5-A15864C8B120}"
EndProject
Project("{FAE04EC0-301F-11D3-BF4B-00C04F79EFBC}") = "RemoveLinkedListElements_203", "RemoveLinkedListElements_203\RemoveLinkedListElements_203.csproj", "{3A1AE53A-EC5E-456C-9C11-D4C85C459472}"
EndProject
Project("{FAE04EC0-301F-11D3-BF4B-00C04F79EFBC}") = "SearchInABinarySearchTree_700", "SearchInABinarySearchTree_700\SearchInABinarySearchTree_700.csproj", "{A9B9ED43-8F39-4814-BDBA-3E46A86F57C4}"
EndProject
Global
	GlobalSection(SolutionConfigurationPlatforms) = preSolution
		Debug|Any CPU = Debug|Any CPU
		Release|Any CPU = Release|Any CPU
	EndGlobalSection
	GlobalSection(ProjectConfigurationPlatforms) = postSolution
		{01E3B30B-1342-4BC6-B697-6E6C0913D9F5}.Debug|Any CPU.ActiveCfg = Debug|Any CPU
		{01E3B30B-1342-4BC6-B697-6E6C0913D9F5}.Debug|Any CPU.Build.0 = Debug|Any CPU
		{01E3B30B-1342-4BC6-B697-6E6C0913D9F5}.Release|Any CPU.ActiveCfg = Release|Any CPU
		{01E3B30B-1342-4BC6-B697-6E6C0913D9F5}.Release|Any CPU.Build.0 = Release|Any CPU
		{A7E9926C-C4FD-420B-B396-68646F934366}.Debug|Any CPU.ActiveCfg = Debug|Any CPU
		{A7E9926C-C4FD-420B-B396-68646F934366}.Debug|Any CPU.Build.0 = Debug|Any CPU
		{A7E9926C-C4FD-420B-B396-68646F934366}.Release|Any CPU.ActiveCfg = Release|Any CPU
		{A7E9926C-C4FD-420B-B396-68646F934366}.Release|Any CPU.Build.0 = Release|Any CPU
		{70115168-78FA-43DA-86B4-416C1DB8FA1B}.Debug|Any CPU.ActiveCfg = Debug|Any CPU
		{70115168-78FA-43DA-86B4-416C1DB8FA1B}.Debug|Any CPU.Build.0 = Debug|Any CPU
		{70115168-78FA-43DA-86B4-416C1DB8FA1B}.Release|Any CPU.ActiveCfg = Release|Any CPU
		{70115168-78FA-43DA-86B4-416C1DB8FA1B}.Release|Any CPU.Build.0 = Release|Any CPU
		{5087682D-4091-4C80-AA77-00C10CDE198E}.Debug|Any CPU.ActiveCfg = Debug|Any CPU
		{5087682D-4091-4C80-AA77-00C10CDE198E}.Debug|Any CPU.Build.0 = Debug|Any CPU
		{5087682D-4091-4C80-AA77-00C10CDE198E}.Release|Any CPU.ActiveCfg = Release|Any CPU
		{5087682D-4091-4C80-AA77-00C10CDE198E}.Release|Any CPU.Build.0 = Release|Any CPU
		{BAF5F6BE-00FD-45FF-B3B2-24CB5F2999FA}.Debug|Any CPU.ActiveCfg = Debug|Any CPU
		{BAF5F6BE-00FD-45FF-B3B2-24CB5F2999FA}.Debug|Any CPU.Build.0 = Debug|Any CPU
		{BAF5F6BE-00FD-45FF-B3B2-24CB5F2999FA}.Release|Any CPU.ActiveCfg = Release|Any CPU
		{BAF5F6BE-00FD-45FF-B3B2-24CB5F2999FA}.Release|Any CPU.Build.0 = Release|Any CPU
		{C5D35840-12AF-4B0A-AD61-4D81A33DB9FB}.Debug|Any CPU.ActiveCfg = Debug|Any CPU
		{C5D35840-12AF-4B0A-AD61-4D81A33DB9FB}.Debug|Any CPU.Build.0 = Debug|Any CPU
		{C5D35840-12AF-4B0A-AD61-4D81A33DB9FB}.Release|Any CPU.ActiveCfg = Release|Any CPU
		{C5D35840-12AF-4B0A-AD61-4D81A33DB9FB}.Release|Any CPU.Build.0 = Release|Any CPU
		{85A7E0EC-261A-45C3-9977-CABDC5ABDCF6}.Debug|Any CPU.ActiveCfg = Debug|Any CPU
		{85A7E0EC-261A-45C3-9977-CABDC5ABDCF6}.Debug|Any CPU.Build.0 = Debug|Any CPU
		{85A7E0EC-261A-45C3-9977-CABDC5ABDCF6}.Release|Any CPU.ActiveCfg = Release|Any CPU
		{85A7E0EC-261A-45C3-9977-CABDC5ABDCF6}.Release|Any CPU.Build.0 = Release|Any CPU
		{86056BBA-516A-4349-8EA8-A274A9FA754D}.Debug|Any CPU.ActiveCfg = Debug|Any CPU
		{86056BBA-516A-4349-8EA8-A274A9FA754D}.Debug|Any CPU.Build.0 = Debug|Any CPU
		{86056BBA-516A-4349-8EA8-A274A9FA754D}.Release|Any CPU.ActiveCfg = Release|Any CPU
		{86056BBA-516A-4349-8EA8-A274A9FA754D}.Release|Any CPU.Build.0 = Release|Any CPU
		{33E487BB-C7BC-4C80-8DF2-7ED2BD291F65}.Debug|Any CPU.ActiveCfg = Debug|Any CPU
		{33E487BB-C7BC-4C80-8DF2-7ED2BD291F65}.Debug|Any CPU.Build.0 = Debug|Any CPU
		{33E487BB-C7BC-4C80-8DF2-7ED2BD291F65}.Release|Any CPU.ActiveCfg = Release|Any CPU
		{33E487BB-C7BC-4C80-8DF2-7ED2BD291F65}.Release|Any CPU.Build.0 = Release|Any CPU
		{0F3C42B4-9D77-4043-A41B-28F26355AA1E}.Debug|Any CPU.ActiveCfg = Debug|Any CPU
		{0F3C42B4-9D77-4043-A41B-28F26355AA1E}.Debug|Any CPU.Build.0 = Debug|Any CPU
		{0F3C42B4-9D77-4043-A41B-28F26355AA1E}.Release|Any CPU.ActiveCfg = Release|Any CPU
		{0F3C42B4-9D77-4043-A41B-28F26355AA1E}.Release|Any CPU.Build.0 = Release|Any CPU
		{578E1FEA-95AC-4F31-ACD8-5B2F8A110A53}.Debug|Any CPU.ActiveCfg = Debug|Any CPU
		{578E1FEA-95AC-4F31-ACD8-5B2F8A110A53}.Debug|Any CPU.Build.0 = Debug|Any CPU
		{578E1FEA-95AC-4F31-ACD8-5B2F8A110A53}.Release|Any CPU.ActiveCfg = Release|Any CPU
		{578E1FEA-95AC-4F31-ACD8-5B2F8A110A53}.Release|Any CPU.Build.0 = Release|Any CPU
		{0D14D2C5-16A7-4036-8A9F-DB9170AB9E04}.Debug|Any CPU.ActiveCfg = Debug|Any CPU
		{0D14D2C5-16A7-4036-8A9F-DB9170AB9E04}.Debug|Any CPU.Build.0 = Debug|Any CPU
		{0D14D2C5-16A7-4036-8A9F-DB9170AB9E04}.Release|Any CPU.ActiveCfg = Release|Any CPU
		{0D14D2C5-16A7-4036-8A9F-DB9170AB9E04}.Release|Any CPU.Build.0 = Release|Any CPU
		{B1266D6E-FE42-42FE-A647-CC8EEFE49F72}.Debug|Any CPU.ActiveCfg = Debug|Any CPU
		{B1266D6E-FE42-42FE-A647-CC8EEFE49F72}.Debug|Any CPU.Build.0 = Debug|Any CPU
		{B1266D6E-FE42-42FE-A647-CC8EEFE49F72}.Release|Any CPU.ActiveCfg = Release|Any CPU
		{B1266D6E-FE42-42FE-A647-CC8EEFE49F72}.Release|Any CPU.Build.0 = Release|Any CPU
		{EAEEE749-55D4-464B-A2B6-1C94303EC302}.Debug|Any CPU.ActiveCfg = Debug|Any CPU
		{EAEEE749-55D4-464B-A2B6-1C94303EC302}.Debug|Any CPU.Build.0 = Debug|Any CPU
		{EAEEE749-55D4-464B-A2B6-1C94303EC302}.Release|Any CPU.ActiveCfg = Release|Any CPU
		{EAEEE749-55D4-464B-A2B6-1C94303EC302}.Release|Any CPU.Build.0 = Release|Any CPU
		{F8F7E78C-E986-4EB9-B27B-CE4CFEA7EEE1}.Debug|Any CPU.ActiveCfg = Debug|Any CPU
		{F8F7E78C-E986-4EB9-B27B-CE4CFEA7EEE1}.Debug|Any CPU.Build.0 = Debug|Any CPU
		{F8F7E78C-E986-4EB9-B27B-CE4CFEA7EEE1}.Release|Any CPU.ActiveCfg = Release|Any CPU
		{F8F7E78C-E986-4EB9-B27B-CE4CFEA7EEE1}.Release|Any CPU.Build.0 = Release|Any CPU
		{4B6C10E9-B861-4E82-87B5-A15864C8B120}.Debug|Any CPU.ActiveCfg = Debug|Any CPU
		{4B6C10E9-B861-4E82-87B5-A15864C8B120}.Debug|Any CPU.Build.0 = Debug|Any CPU
		{4B6C10E9-B861-4E82-87B5-A15864C8B120}.Release|Any CPU.ActiveCfg = Release|Any CPU
		{4B6C10E9-B861-4E82-87B5-A15864C8B120}.Release|Any CPU.Build.0 = Release|Any CPU
		{3A1AE53A-EC5E-456C-9C11-D4C85C459472}.Debug|Any CPU.ActiveCfg = Debug|Any CPU
		{3A1AE53A-EC5E-456C-9C11-D4C85C459472}.Debug|Any CPU.Build.0 = Debug|Any CPU
		{3A1AE53A-EC5E-456C-9C11-D4C85C459472}.Release|Any CPU.ActiveCfg = Release|Any CPU
		{3A1AE53A-EC5E-456C-9C11-D4C85C459472}.Release|Any CPU.Build.0 = Release|Any CPU
		{A9B9ED43-8F39-4814-BDBA-3E46A86F57C4}.Debug|Any CPU.ActiveCfg = Debug|Any CPU
		{A9B9ED43-8F39-4814-BDBA-3E46A86F57C4}.Debug|Any CPU.Build.0 = Debug|Any CPU
		{A9B9ED43-8F39-4814-BDBA-3E46A86F57C4}.Release|Any CPU.ActiveCfg = Release|Any CPU
		{A9B9ED43-8F39-4814-BDBA-3E46A86F57C4}.Release|Any CPU.Build.0 = Release|Any CPU
	EndGlobalSection
	GlobalSection(SolutionProperties) = preSolution
		HideSolutionNode = FALSE
	EndGlobalSection
	GlobalSection(ExtensibilityGlobals) = postSolution
		SolutionGuid = {EB0D5EC6-C9FB-4F4C-8CB6-17D794FB5C76}
	EndGlobalSection
EndGlobal
